// !$*UTF8*$!
{
	archiveVersion = 1;
	classes = {
	};
	objectVersion = 46;
	objects = {

/* Begin PBXBuildFile section */
		4E80E9F81574F0060056826C /* UIKit.framework in Frameworks */ = {isa = PBXBuildFile; fileRef = 4E80E9F71574F0060056826C /* UIKit.framework */; };
		4E80E9FA1574F0060056826C /* Foundation.framework in Frameworks */ = {isa = PBXBuildFile; fileRef = 4E80E9F91574F0060056826C /* Foundation.framework */; };
		4E80E9FC1574F0060056826C /* CoreGraphics.framework in Frameworks */ = {isa = PBXBuildFile; fileRef = 4E80E9FB1574F0060056826C /* CoreGraphics.framework */; };
		4E80EA021574F0060056826C /* InfoPlist.strings in Resources */ = {isa = PBXBuildFile; fileRef = 4E80EA001574F0060056826C /* InfoPlist.strings */; };
		4E80EA041574F0060056826C /* main.m in Sources */ = {isa = PBXBuildFile; fileRef = 4E80EA031574F0060056826C /* main.m */; };
		4E80EA081574F0060056826C /* AppDelegate.m in Sources */ = {isa = PBXBuildFile; fileRef = 4E80EA071574F0060056826C /* AppDelegate.m */; };
		4E80EA0B1574F0060056826C /* ViewController.m in Sources */ = {isa = PBXBuildFile; fileRef = 4E80EA0A1574F0060056826C /* ViewController.m */; };
		4E80EA0E1574F0060056826C /* ViewController.xib in Resources */ = {isa = PBXBuildFile; fileRef = 4E80EA0C1574F0060056826C /* ViewController.xib */; };
		4E80EA1A1574F4950056826C /* banner.png in Resources */ = {isa = PBXBuildFile; fileRef = 4E80EA191574F4950056826C /* banner.png */; };
		4E80EA201574F53F0056826C /* MobileCoreServices.framework in Frameworks */ = {isa = PBXBuildFile; fileRef = 4E80EA1F1574F53F0056826C /* MobileCoreServices.framework */; };
		4E80EA221574F5500056826C /* SystemConfiguration.framework in Frameworks */ = {isa = PBXBuildFile; fileRef = 4E80EA211574F5500056826C /* SystemConfiguration.framework */; };
		4E80EA241574F5560056826C /* CFNetwork.framework in Frameworks */ = {isa = PBXBuildFile; fileRef = 4E80EA231574F5560056826C /* CFNetwork.framework */; };
		4E80EA261574F56D0056826C /* SenTestingKit.framework in Frameworks */ = {isa = PBXBuildFile; fileRef = 4E80EA251574F56D0056826C /* SenTestingKit.framework */; };
		4E80EA291574F5AC0056826C /* libz.dylib in Frameworks */ = {isa = PBXBuildFile; fileRef = 4E80EA281574F5AC0056826C /* libz.dylib */; };
/* End PBXBuildFile section */

/* Begin PBXFileReference section */
		4E80E9F31574F0060056826C /* AboutPage.app */ = {isa = PBXFileReference; explicitFileType = wrapper.application; includeInIndex = 0; path = AboutPage.app; sourceTree = BUILT_PRODUCTS_DIR; };
		4E80E9F71574F0060056826C /* UIKit.framework */ = {isa = PBXFileReference; lastKnownFileType = wrapper.framework; name = UIKit.framework; path = System/Library/Frameworks/UIKit.framework; sourceTree = SDKROOT; };
		4E80E9F91574F0060056826C /* Foundation.framework */ = {isa = PBXFileReference; lastKnownFileType = wrapper.framework; name = Foundation.framework; path = System/Library/Frameworks/Foundation.framework; sourceTree = SDKROOT; };
		4E80E9FB1574F0060056826C /* CoreGraphics.framework */ = {isa = PBXFileReference; lastKnownFileType = wrapper.framework; name = CoreGraphics.framework; path = System/Library/Frameworks/CoreGraphics.framework; sourceTree = SDKROOT; };
		4E80E9FF1574F0060056826C /* AboutPage-Info.plist */ = {isa = PBXFileReference; lastKnownFileType = text.plist.xml; path = "AboutPage-Info.plist"; sourceTree = "<group>"; };
		4E80EA011574F0060056826C /* en */ = {isa = PBXFileReference; lastKnownFileType = text.plist.strings; name = en; path = en.lproj/InfoPlist.strings; sourceTree = "<group>"; };
		4E80EA031574F0060056826C /* main.m */ = {isa = PBXFileReference; lastKnownFileType = sourcecode.c.objc; path = main.m; sourceTree = "<group>"; };
		4E80EA051574F0060056826C /* AboutPage-Prefix.pch */ = {isa = PBXFileReference; lastKnownFileType = sourcecode.c.h; path = "AboutPage-Prefix.pch"; sourceTree = "<group>"; };
		4E80EA061574F0060056826C /* AppDelegate.h */ = {isa = PBXFileReference; lastKnownFileType = sourcecode.c.h; path = AppDelegate.h; sourceTree = "<group>"; };
		4E80EA071574F0060056826C /* AppDelegate.m */ = {isa = PBXFileReference; lastKnownFileType = sourcecode.c.objc; path = AppDelegate.m; sourceTree = "<group>"; };
		4E80EA091574F0060056826C /* ViewController.h */ = {isa = PBXFileReference; lastKnownFileType = sourcecode.c.h; path = ViewController.h; sourceTree = "<group>"; };
		4E80EA0A1574F0060056826C /* ViewController.m */ = {isa = PBXFileReference; lastKnownFileType = sourcecode.c.objc; path = ViewController.m; sourceTree = "<group>"; };
		4E80EA0D1574F0060056826C /* en */ = {isa = PBXFileReference; lastKnownFileType = file.xib; name = en; path = en.lproj/ViewController.xib; sourceTree = "<group>"; };
		4E80EA191574F4950056826C /* banner.png */ = {isa = PBXFileReference; lastKnownFileType = image.png; name = banner.png; path = ../../iPwm/iPwm/Images/banner.png; sourceTree = "<group>"; };
		4E80EA1F1574F53F0056826C /* MobileCoreServices.framework */ = {isa = PBXFileReference; lastKnownFileType = wrapper.framework; name = MobileCoreServices.framework; path = System/Library/Frameworks/MobileCoreServices.framework; sourceTree = SDKROOT; };
		4E80EA211574F5500056826C /* SystemConfiguration.framework */ = {isa = PBXFileReference; lastKnownFileType = wrapper.framework; name = SystemConfiguration.framework; path = System/Library/Frameworks/SystemConfiguration.framework; sourceTree = SDKROOT; };
		4E80EA231574F5560056826C /* CFNetwork.framework */ = {isa = PBXFileReference; lastKnownFileType = wrapper.framework; name = CFNetwork.framework; path = System/Library/Frameworks/CFNetwork.framework; sourceTree = SDKROOT; };
		4E80EA251574F56D0056826C /* SenTestingKit.framework */ = {isa = PBXFileReference; lastKnownFileType = wrapper.framework; name = SenTestingKit.framework; path = Library/Frameworks/SenTestingKit.framework; sourceTree = DEVELOPER_DIR; };
		4E80EA281574F5AC0056826C /* libz.dylib */ = {isa = PBXFileReference; lastKnownFileType = "compiled.mach-o.dylib"; name = libz.dylib; path = usr/lib/libz.dylib; sourceTree = SDKROOT; };
/* End PBXFileReference section */

/* Begin PBXFrameworksBuildPhase section */
		4E80E9F01574F0060056826C /* Frameworks */ = {
			isa = PBXFrameworksBuildPhase;
			buildActionMask = 2147483647;
			files = (
				4E80EA291574F5AC0056826C /* libz.dylib in Frameworks */,
				4E80EA261574F56D0056826C /* SenTestingKit.framework in Frameworks */,
				4E80EA241574F5560056826C /* CFNetwork.framework in Frameworks */,
				4E80EA221574F5500056826C /* SystemConfiguration.framework in Frameworks */,
				4E80EA201574F53F0056826C /* MobileCoreServices.framework in Frameworks */,
				4E80E9F81574F0060056826C /* UIKit.framework in Frameworks */,
				4E80E9FA1574F0060056826C /* Foundation.framework in Frameworks */,
				4E80E9FC1574F0060056826C /* CoreGraphics.framework in Frameworks */,
			);
			runOnlyForDeploymentPostprocessing = 0;
		};
/* End PBXFrameworksBuildPhase section */

/* Begin PBXGroup section */
		4E80E9E81574F0060056826C = {
			isa = PBXGroup;
			children = (
				4E80EA281574F5AC0056826C /* libz.dylib */,
				4E80E9FD1574F0060056826C /* AboutPage */,
				4E80E9F61574F0060056826C /* Frameworks */,
				4E80E9F41574F0060056826C /* Products */,
			);
			sourceTree = "<group>";
		};
		4E80E9F41574F0060056826C /* Products */ = {
			isa = PBXGroup;
			children = (
				4E80E9F31574F0060056826C /* AboutPage.app */,
			);
			name = Products;
			sourceTree = "<group>";
		};
		4E80E9F61574F0060056826C /* Frameworks */ = {
			isa = PBXGroup;
			children = (
				4E80EA1F1574F53F0056826C /* MobileCoreServices.framework */,
				4E80EA211574F5500056826C /* SystemConfiguration.framework */,
				4E80EA231574F5560056826C /* CFNetwork.framework */,
				4E80EA251574F56D0056826C /* SenTestingKit.framework */,
				4E80E9F71574F0060056826C /* UIKit.framework */,
				4E80E9F91574F0060056826C /* Foundation.framework */,
				4E80E9FB1574F0060056826C /* CoreGraphics.framework */,
			);
			name = Frameworks;
			sourceTree = "<group>";
		};
		4E80E9FD1574F0060056826C /* AboutPage */ = {
			isa = PBXGroup;
			children = (
				4E80EA061574F0060056826C /* AppDelegate.h */,
				4E80EA191574F4950056826C /* banner.png */,
				4E80EA071574F0060056826C /* AppDelegate.m */,
				4E80EA091574F0060056826C /* ViewController.h */,
				4E80EA0A1574F0060056826C /* ViewController.m */,
				4E80EA0C1574F0060056826C /* ViewController.xib */,
				4E80E9FE1574F0060056826C /* Supporting Files */,
			);
			path = AboutPage;
			sourceTree = "<group>";
		};
		4E80E9FE1574F0060056826C /* Supporting Files */ = {
			isa = PBXGroup;
			children = (
				4E80E9FF1574F0060056826C /* AboutPage-Info.plist */,
				4E80EA001574F0060056826C /* InfoPlist.strings */,
				4E80EA031574F0060056826C /* main.m */,
				4E80EA051574F0060056826C /* AboutPage-Prefix.pch */,
			);
			name = "Supporting Files";
			sourceTree = "<group>";
		};
/* End PBXGroup section */

/* Begin PBXNativeTarget section */
		4E80E9F21574F0060056826C /* AboutPage */ = {
			isa = PBXNativeTarget;
			buildConfigurationList = 4E80EA111574F0060056826C /* Build configuration list for PBXNativeTarget "AboutPage" */;
			buildPhases = (
				4E80E9EF1574F0060056826C /* Sources */,
				4E80E9F01574F0060056826C /* Frameworks */,
				4E80E9F11574F0060056826C /* Resources */,
			);
			buildRules = (
			);
			dependencies = (
			);
			name = AboutPage;
			productName = AboutPage;
			productReference = 4E80E9F31574F0060056826C /* AboutPage.app */;
			productType = "com.apple.product-type.application";
		};
/* End PBXNativeTarget section */

/* Begin PBXProject section */
		4E80E9EA1574F0060056826C /* Project object */ = {
			isa = PBXProject;
			attributes = {
				LastUpgradeCheck = 0430;
			};
			buildConfigurationList = 4E80E9ED1574F0060056826C /* Build configuration list for PBXProject "AboutPage" */;
			compatibilityVersion = "Xcode 3.2";
			developmentRegion = English;
			hasScannedForEncodings = 0;
			knownRegions = (
				en,
			);
			mainGroup = 4E80E9E81574F0060056826C;
			productRefGroup = 4E80E9F41574F0060056826C /* Products */;
			projectDirPath = "";
			projectRoot = "";
			targets = (
				4E80E9F21574F0060056826C /* AboutPage */,
			);
		};
/* End PBXProject section */

/* Begin PBXResourcesBuildPhase section */
		4E80E9F11574F0060056826C /* Resources */ = {
			isa = PBXResourcesBuildPhase;
			buildActionMask = 2147483647;
			files = (
				4E80EA021574F0060056826C /* InfoPlist.strings in Resources */,
				4E80EA0E1574F0060056826C /* ViewController.xib in Resources */,
				4E80EA1A1574F4950056826C /* banner.png in Resources */,
			);
			runOnlyForDeploymentPostprocessing = 0;
		};
/* End PBXResourcesBuildPhase section */

/* Begin PBXSourcesBuildPhase section */
		4E80E9EF1574F0060056826C /* Sources */ = {
			isa = PBXSourcesBuildPhase;
			buildActionMask = 2147483647;
			files = (
				4E80EA041574F0060056826C /* main.m in Sources */,
				4E80EA081574F0060056826C /* AppDelegate.m in Sources */,
				4E80EA0B1574F0060056826C /* ViewController.m in Sources */,
			);
			runOnlyForDeploymentPostprocessing = 0;
		};
/* End PBXSourcesBuildPhase section */

/* Begin PBXVariantGroup section */
		4E80EA001574F0060056826C /* InfoPlist.strings */ = {
			isa = PBXVariantGroup;
			children = (
				4E80EA011574F0060056826C /* en */,
			);
			name = InfoPlist.strings;
			sourceTree = "<group>";
		};
		4E80EA0C1574F0060056826C /* ViewController.xib */ = {
			isa = PBXVariantGroup;
			children = (
				4E80EA0D1574F0060056826C /* en */,
			);
			name = ViewController.xib;
			sourceTree = "<group>";
		};
/* End PBXVariantGroup section */

/* Begin XCBuildConfiguration section */
		4E80EA0F1574F0060056826C /* Debug */ = {
			isa = XCBuildConfiguration;
			buildSettings = {
				ALWAYS_SEARCH_USER_PATHS = NO;
				ARCHS = "$(ARCHS_STANDARD_32_BIT)";
				"CODE_SIGN_IDENTITY[sdk=iphoneos*]" = "iPhone Developer";
				COPY_PHASE_STRIP = NO;
				GCC_C_LANGUAGE_STANDARD = gnu99;
				GCC_DYNAMIC_NO_PIC = NO;
				GCC_OPTIMIZATION_LEVEL = 0;
				GCC_PREPROCESSOR_DEFINITIONS = (
					"DEBUG=1",
					"$(inherited)",
				);
				GCC_SYMBOLS_PRIVATE_EXTERN = NO;
				GCC_VERSION = com.apple.compilers.llvm.clang.1_0;
				GCC_WARN_ABOUT_RETURN_TYPE = YES;
				GCC_WARN_UNINITIALIZED_AUTOS = YES;
				GCC_WARN_UNUSED_VARIABLE = YES;
				IPHONEOS_DEPLOYMENT_TARGET = 5.1;
				SDKROOT = iphoneos;
			};
			name = Debug;
		};
		4E80EA101574F0060056826C /* Release */ = {
			isa = XCBuildConfiguration;
			buildSettings = {
				ALWAYS_SEARCH_USER_PATHS = NO;
				ARCHS = "$(ARCHS_STANDARD_32_BIT)";
				"CODE_SIGN_IDENTITY[sdk=iphoneos*]" = "iPhone Developer";
				COPY_PHASE_STRIP = YES;
				GCC_C_LANGUAGE_STANDARD = gnu99;
				GCC_VERSION = com.apple.compilers.llvm.clang.1_0;
				GCC_WARN_ABOUT_RETURN_TYPE = YES;
				GCC_WARN_UNINITIALIZED_AUTOS = YES;
				GCC_WARN_UNUSED_VARIABLE = YES;
				IPHONEOS_DEPLOYMENT_TARGET = 5.1;
				OTHER_CFLAGS = "-DNS_BLOCK_ASSERTIONS=1";
				SDKROOT = iphoneos;
				VALIDATE_PRODUCT = YES;
			};
			name = Release;
		};
		4E80EA121574F0060056826C /* Debug */ = {
			isa = XCBuildConfiguration;
			buildSettings = {
				FRAMEWORK_SEARCH_PATHS = (
					"$(inherited)",
					"\"$(SYSTEM_APPS_DIR)/Xcode.app/Contents/Developer/Library/Frameworks\"",
				);
				GCC_PRECOMPILE_PREFIX_HEADER = YES;
				GCC_PREFIX_HEADER = "AboutPage/AboutPage-Prefix.pch";
				INFOPLIST_FILE = "AboutPage/AboutPage-Info.plist";
				PRODUCT_NAME = "$(TARGET_NAME)";
				WRAPPER_EXTENSION = app;
			};
			name = Debug;
		};
		4E80EA131574F0060056826C /* Release */ = {
			isa = XCBuildConfiguration;
			buildSettings = {
				FRAMEWORK_SEARCH_PATHS = (
					"$(inherited)",
					"\"$(SYSTEM_APPS_DIR)/Xcode.app/Contents/Developer/Library/Frameworks\"",
				);
				GCC_PRECOMPILE_PREFIX_HEADER = YES;
				GCC_PREFIX_HEADER = "AboutPage/AboutPage-Prefix.pch";
				INFOPLIST_FILE = "AboutPage/AboutPage-Info.plist";
				PRODUCT_NAME = "$(TARGET_NAME)";
				WRAPPER_EXTENSION = app;
			};
			name = Release;
		};
/* End XCBuildConfiguration section */

/* Begin XCConfigurationList section */
		4E80E9ED1574F0060056826C /* Build configuration list for PBXProject "AboutPage" */ = {
			isa = XCConfigurationList;
			buildConfigurations = (
				4E80EA0F1574F0060056826C /* Debug */,
				4E80EA101574F0060056826C /* Release */,
			);
			defaultConfigurationIsVisible = 0;
			defaultConfigurationName = Release;
		};
		4E80EA111574F0060056826C /* Build configuration list for PBXNativeTarget "AboutPage" */ = {
			isa = XCConfigurationList;
			buildConfigurations = (
				4E80EA121574F0060056826C /* Debug */,
				4E80EA131574F0060056826C /* Release */,
			);
			defaultConfigurationIsVisible = 0;
		};
/* End XCConfigurationList section */
	};
	rootObject = 4E80E9EA1574F0060056826C /* Project object */;
}
